PODS:
  - Alamofire (4.8.2)
  - InitialsImageView (0.5.0)
  - ISEmojiView (0.2.2)
  - Socket.IO-Client-Swift (14.0.0):
    - Starscream (~> 3.0.6)
  - Starscream (3.0.6)

DEPENDENCIES:
  - Alamofire (~> 4.0)
  - InitialsImageView
  - ISEmojiView
  - Socket.IO-Client-Swift (~> 14.0.0)
  - Starscream (~> 3.0.2)

SPEC REPOS:
  https://github.com/cocoapods/specs.git:
    - Alamofire
    - InitialsImageView
    - ISEmojiView
    - Socket.IO-Client-Swift
    - Starscream

SPEC CHECKSUMS:
  Alamofire: ae5c501addb7afdbb13687d7f2f722c78734c2d3
  InitialsImageView: ab9ea8cbf9874231201ad097209ea9b46a61d8a7
  ISEmojiView: 3198116ef9f442857c3a69241b15e3ad7856f461
  Socket.IO-Client-Swift: 21e6a8a23a7d367d5ddfab6cbbd3c679cf3c25d6
  Starscream: ef3ece99d765eeccb67de105bfa143f929026cf5

PODFILE CHECKSUM: ea26b32e127ddd2cc21971576121bc659e130d6c

COCOAPODS: 1.6.0
